
Microsoft Visual Studio Solution File, Format Version 12.00
# Visual Studio Version 16
VisualStudioVersion = 16.0.29319.158
MinimumVisualStudioVersion = 10.0.40219.1
Project("{FAE04EC0-301F-11D3-BF4B-00C04F79EFBC}") = "MVC_CRUD_DiplomadoUASD_AJAX_II", "MVC_CRUD_DiplomadoUASD_AJAX_II\MVC_CRUD_DiplomadoUASD_AJAX_II.csproj", "{278BF7B8-0FB4-40B3-AF01-BD99604145EA}"
EndProject
Global
	GlobalSection(SolutionConfigurationPlatforms) = preSolution
		Debug|Any CPU = Debug|Any CPU
		Release|Any CPU = Release|Any CPU
	EndGlobalSection
	GlobalSection(ProjectConfigurationPlatforms) = postSolution
		{278BF7B8-0FB4-40B3-AF01-BD99604145EA}.Debug|Any CPU.ActiveCfg = Debug|Any CPU
		{278BF7B8-0FB4-40B3-AF01-BD99604145EA}.Debug|Any CPU.Build.0 = Debug|Any CPU
		{278BF7B8-0FB4-40B3-AF01-BD99604145EA}.Release|Any CPU.ActiveCfg = Release|Any CPU
		{278BF7B8-0FB4-40B3-AF01-BD99604145EA}.Release|Any CPU.Build.0 = Release|Any CPU
	EndGlobalSection
	GlobalSection(SolutionProperties) = preSolution
		HideSolutionNode = FALSE
	EndGlobalSection
	GlobalSection(ExtensibilityGlobals) = postSolution
		SolutionGuid = {41C9B037-5F70-44E7-B3BA-2747C003E34C}
	EndGlobalSection
EndGlobal
